
Microsoft Visual Studio Solution File, Format Version 12.00
# Visual Studio 14
VisualStudioVersion = 14.0.25420.1
MinimumVisualStudioVersion = 10.0.40219.1
Project("{FAE04EC0-301F-11D3-BF4B-00C04F79EFBC}") = "Sliding Puzzle", "Sliding Puzzle\Sliding Puzzle.csproj", "{36D92BC3-DD2B-48CD-87D9-704B2963E5B7}"
EndProject
Global
	GlobalSection(SolutionConfigurationPlatforms) = preSolution
		Debug|Any CPU = Debug|Any CPU
		Release|Any CPU = Release|Any CPU
	EndGlobalSection
	GlobalSection(ProjectConfigurationPlatforms) = postSolution
		{36D92BC3-DD2B-48CD-87D9-704B2963E5B7}.Debug|Any CPU.ActiveCfg = Debug|Any CPU
		{36D92BC3-DD2B-48CD-87D9-704B2963E5B7}.Debug|Any CPU.Build.0 = Debug|Any CPU
		{36D92BC3-DD2B-48CD-87D9-704B2963E5B7}.Release|Any CPU.ActiveCfg = Release|Any CPU
		{36D92BC3-DD2B-48CD-87D9-704B2963E5B7}.Release|Any CPU.Build.0 = Release|Any CPU
	EndGlobalSection
	GlobalSection(SolutionProperties) = preSolution
		HideSolutionNode = FALSE
	EndGlobalSection
EndGlobal
